
Microsoft Visual Studio Solution File, Format Version 12.00
# Visual Studio Version 17
VisualStudioVersion = 17.5.33627.172
MinimumVisualStudioVersion = 10.0.40219.1
Project("{FAE04EC0-301F-11D3-BF4B-00C04F79EFBC}") = "FileUpload", "FileUpload.csproj", "{ECC9F280-8A0D-416F-9202-C09E3A5DE555}"
EndProject
Global
	GlobalSection(SolutionConfigurationPlatforms) = preSolution
		Debug|Any CPU = Debug|Any CPU
		Release|Any CPU = Release|Any CPU
	EndGlobalSection
	GlobalSection(ProjectConfigurationPlatforms) = postSolution
		{ECC9F280-8A0D-416F-9202-C09E3A5DE555}.Debug|Any CPU.ActiveCfg = Debug|Any CPU
		{ECC9F280-8A0D-416F-9202-C09E3A5DE555}.Debug|Any CPU.Build.0 = Debug|Any CPU
		{ECC9F280-8A0D-416F-9202-C09E3A5DE555}.Release|Any CPU.ActiveCfg = Release|Any CPU
		{ECC9F280-8A0D-416F-9202-C09E3A5DE555}.Release|Any CPU.Build.0 = Release|Any CPU
	EndGlobalSection
	GlobalSection(SolutionProperties) = preSolution
		HideSolutionNode = FALSE
	EndGlobalSection
	GlobalSection(ExtensibilityGlobals) = postSolution
		SolutionGuid = {FF86BC66-C38E-4E8A-9026-8E3CD6C9FF24}
	EndGlobalSection
EndGlobal
